// !$*UTF8*$!
{
	archiveVersion = 1;
	classes = {
	};
	objectVersion = 50;
	objects = {

/* Begin PBXBuildFile section */
		0A3A61A5244A56E5002FAFB4 /* AppDelegate.swift in Sources */ = {isa = PBXBuildFile; fileRef = 0A3A61A4244A56E5002FAFB4 /* AppDelegate.swift */; };
		0A3A61A7244A56E5002FAFB4 /* SceneDelegate.swift in Sources */ = {isa = PBXBuildFile; fileRef = 0A3A61A6244A56E5002FAFB4 /* SceneDelegate.swift */; };
		0A3A61A9244A56E5002FAFB4 /* ViewController.swift in Sources */ = {isa = PBXBuildFile; fileRef = 0A3A61A8244A56E5002FAFB4 /* ViewController.swift */; };
		0A3A61AC244A56E5002FAFB4 /* Main.storyboard in Resources */ = {isa = PBXBuildFile; fileRef = 0A3A61AA244A56E5002FAFB4 /* Main.storyboard */; };
		0A3A61AE244A56E5002FAFB4 /* Assets.xcassets in Resources */ = {isa = PBXBuildFile; fileRef = 0A3A61AD244A56E5002FAFB4 /* Assets.xcassets */; };
		0A3A61B1244A56E5002FAFB4 /* LaunchScreen.storyboard in Resources */ = {isa = PBXBuildFile; fileRef = 0A3A61AF244A56E5002FAFB4 /* LaunchScreen.storyboard */; };
		0A3A61BA244A5AAC002FAFB4 /* MapKit.framework in Frameworks */ = {isa = PBXBuildFile; fileRef = 0A3A61B9244A5AAC002FAFB4 /* MapKit.framework */; };
		0A3A61BC244A5AB8002FAFB4 /* CoreLocation.framework in Frameworks */ = {isa = PBXBuildFile; fileRef = 0A3A61BB244A5AB8002FAFB4 /* CoreLocation.framework */; };
/* End PBXBuildFile section */

/* Begin PBXFileReference section */
		0A3A61A1244A56E5002FAFB4 /* Directions.app */ = {isa = PBXFileReference; explicitFileType = wrapper.application; includeInIndex = 0; path = Directions.app; sourceTree = BUILT_PRODUCTS_DIR; };
		0A3A61A4244A56E5002FAFB4 /* AppDelegate.swift */ = {isa = PBXFileReference; lastKnownFileType = sourcecode.swift; path = AppDelegate.swift; sourceTree = "<group>"; };
		0A3A61A6244A56E5002FAFB4 /* SceneDelegate.swift */ = {isa = PBXFileReference; lastKnownFileType = sourcecode.swift; path = SceneDelegate.swift; sourceTree = "<group>"; };
		0A3A61A8244A56E5002FAFB4 /* ViewController.swift */ = {isa = PBXFileReference; lastKnownFileType = sourcecode.swift; path = ViewController.swift; sourceTree = "<group>"; };
		0A3A61AB244A56E5002FAFB4 /* Base */ = {isa = PBXFileReference; lastKnownFileType = file.storyboard; name = Base; path = Base.lproj/Main.storyboard; sourceTree = "<group>"; };
		0A3A61AD244A56E5002FAFB4 /* Assets.xcassets */ = {isa = PBXFileReference; lastKnownFileType = folder.assetcatalog; path = Assets.xcassets; sourceTree = "<group>"; };
		0A3A61B0244A56E5002FAFB4 /* Base */ = {isa = PBXFileReference; lastKnownFileType = file.storyboard; name = Base; path = Base.lproj/LaunchScreen.storyboard; sourceTree = "<group>"; };
		0A3A61B2244A56E5002FAFB4 /* Info.plist */ = {isa = PBXFileReference; lastKnownFileType = text.plist.xml; path = Info.plist; sourceTree = "<group>"; };
		0A3A61B9244A5AAC002FAFB4 /* MapKit.framework */ = {isa = PBXFileReference; lastKnownFileType = wrapper.framework; name = MapKit.framework; path = System/Library/Frameworks/MapKit.framework; sourceTree = SDKROOT; };
		0A3A61BB244A5AB8002FAFB4 /* CoreLocation.framework */ = {isa = PBXFileReference; lastKnownFileType = wrapper.framework; name = CoreLocation.framework; path = System/Library/Frameworks/CoreLocation.framework; sourceTree = SDKROOT; };
/* End PBXFileReference section */

/* Begin PBXFrameworksBuildPhase section */
		0A3A619E244A56E5002FAFB4 /* Frameworks */ = {
			isa = PBXFrameworksBuildPhase;
			buildActionMask = 2147483647;
			files = (
				0A3A61BC244A5AB8002FAFB4 /* CoreLocation.framework in Frameworks */,
				0A3A61BA244A5AAC002FAFB4 /* MapKit.framework in Frameworks */,
			);
			runOnlyForDeploymentPostprocessing = 0;
		};
/* End PBXFrameworksBuildPhase section */

/* Begin PBXGroup section */
		0A3A6198244A56E5002FAFB4 = {
			isa = PBXGroup;
			children = (
				0A3A61A3244A56E5002FAFB4 /* Directions */,
				0A3A61A2244A56E5002FAFB4 /* Products */,
				0A3A61B8244A5AAB002FAFB4 /* Frameworks */,
			);
			sourceTree = "<group>";
		};
		0A3A61A2244A56E5002FAFB4 /* Products */ = {
			isa = PBXGroup;
			children = (
				0A3A61A1244A56E5002FAFB4 /* Directions.app */,
			);
			name = Products;
			sourceTree = "<group>";
		};
		0A3A61A3244A56E5002FAFB4 /* Directions */ = {
			isa = PBXGroup;
			children = (
				0A3A61A4244A56E5002FAFB4 /* AppDelegate.swift */,
				0A3A61A6244A56E5002FAFB4 /* SceneDelegate.swift */,
				0A3A61A8244A56E5002FAFB4 /* ViewController.swift */,
				0A3A61AA244A56E5002FAFB4 /* Main.storyboard */,
				0A3A61AD244A56E5002FAFB4 /* Assets.xcassets */,
				0A3A61AF244A56E5002FAFB4 /* LaunchScreen.storyboard */,
				0A3A61B2244A56E5002FAFB4 /* Info.plist */,
			);
			path = Directions;
			sourceTree = "<group>";
		};
		0A3A61B8244A5AAB002FAFB4 /* Frameworks */ = {
			isa = PBXGroup;
			children = (
				0A3A61BB244A5AB8002FAFB4 /* CoreLocation.framework */,
				0A3A61B9244A5AAC002FAFB4 /* MapKit.framework */,
			);
			name = Frameworks;
			sourceTree = "<group>";
		};
/* End PBXGroup section */

/* Begin PBXNativeTarget section */
		0A3A61A0244A56E5002FAFB4 /* Directions */ = {
			isa = PBXNativeTarget;
			buildConfigurationList = 0A3A61B5244A56E5002FAFB4 /* Build configuration list for PBXNativeTarget "Directions" */;
			buildPhases = (
				0A3A619D244A56E5002FAFB4 /* Sources */,
				0A3A619E244A56E5002FAFB4 /* Frameworks */,
				0A3A619F244A56E5002FAFB4 /* Resources */,
			);
			buildRules = (
			);
			dependencies = (
			);
			name = Directions;
			productName = Directions;
			productReference = 0A3A61A1244A56E5002FAFB4 /* Directions.app */;
			productType = "com.apple.product-type.application";
		};
/* End PBXNativeTarget section */

/* Begin PBXProject section */
		0A3A6199244A56E5002FAFB4 /* Project object */ = {
			isa = PBXProject;
			attributes = {
				LastSwiftUpdateCheck = 1140;
				LastUpgradeCheck = 1140;
				ORGANIZATIONNAME = cmp5987;
				TargetAttributes = {
					0A3A61A0244A56E5002FAFB4 = {
						CreatedOnToolsVersion = 11.4;
					};
				};
			};
			buildConfigurationList = 0A3A619C244A56E5002FAFB4 /* Build configuration list for PBXProject "Directions" */;
			compatibilityVersion = "Xcode 9.3";
			developmentRegion = en;
			hasScannedForEncodings = 0;
			knownRegions = (
				en,
				Base,
			);
			mainGroup = 0A3A6198244A56E5002FAFB4;
			productRefGroup = 0A3A61A2244A56E5002FAFB4 /* Products */;
			projectDirPath = "";
			projectRoot = "";
			targets = (
				0A3A61A0244A56E5002FAFB4 /* Directions */,
			);
		};
/* End PBXProject section */

/* Begin PBXResourcesBuildPhase section */
		0A3A619F244A56E5002FAFB4 /* Resources */ = {
			isa = PBXResourcesBuildPhase;
			buildActionMask = 2147483647;
			files = (
				0A3A61B1244A56E5002FAFB4 /* LaunchScreen.storyboard in Resources */,
				0A3A61AE244A56E5002FAFB4 /* Assets.xcassets in Resources */,
				0A3A61AC244A56E5002FAFB4 /* Main.storyboard in Resources */,
			);
			runOnlyForDeploymentPostprocessing = 0;
		};
/* End PBXResourcesBuildPhase section */

/* Begin PBXSourcesBuildPhase section */
		0A3A619D244A56E5002FAFB4 /* Sources */ = {
			isa = PBXSourcesBuildPhase;
			buildActionMask = 2147483647;
			files = (
				0A3A61A9244A56E5002FAFB4 /* ViewController.swift in Sources */,
				0A3A61A5244A56E5002FAFB4 /* AppDelegate.swift in Sources */,
				0A3A61A7244A56E5002FAFB4 /* SceneDelegate.swift in Sources */,
			);
			runOnlyForDeploymentPostprocessing = 0;
		};
/* End PBXSourcesBuildPhase section */

/* Begin PBXVariantGroup section */
		0A3A61AA244A56E5002FAFB4 /* Main.storyboard */ = {
			isa = PBXVariantGroup;
			children = (
				0A3A61AB244A56E5002FAFB4 /* Base */,
			);
			name = Main.storyboard;
			sourceTree = "<group>";
		};
		0A3A61AF244A56E5002FAFB4 /* LaunchScreen.storyboard */ = {
			isa = PBXVariantGroup;
			children = (
				0A3A61B0244A56E5002FAFB4 /* Base */,
			);
			name = LaunchScreen.storyboard;
			sourceTree = "<group>";
		};
/* End PBXVariantGroup section */

/* Begin XCBuildConfiguration section */
		0A3A61B3244A56E5002FAFB4 /* Debug */ = {
			isa = XCBuildConfiguration;
			buildSettings = {
				ALWAYS_SEARCH_USER_PATHS = NO;
				CLANG_ANALYZER_NONNULL = YES;
				CLANG_ANALYZER_NUMBER_OBJECT_CONVERSION = YES_AGGRESSIVE;
				CLANG_CXX_LANGUAGE_STANDARD = "gnu++14";
				CLANG_CXX_LIBRARY = "libc++";
				CLANG_ENABLE_MODULES = YES;
				CLANG_ENABLE_OBJC_ARC = YES;
				CLANG_ENABLE_OBJC_WEAK = YES;
				CLANG_WARN_BLOCK_CAPTURE_AUTORELEASING = YES;
				CLANG_WARN_BOOL_CONVERSION = YES;
				CLANG_WARN_COMMA = YES;
				CLANG_WARN_CONSTANT_CONVERSION = YES;
				CLANG_WARN_DEPRECATED_OBJC_IMPLEMENTATIONS = YES;
				CLANG_WARN_DIRECT_OBJC_ISA_USAGE = YES_ERROR;
				CLANG_WARN_DOCUMENTATION_COMMENTS = YES;
				CLANG_WARN_EMPTY_BODY = YES;
				CLANG_WARN_ENUM_CONVERSION = YES;
				CLANG_WARN_INFINITE_RECURSION = YES;
				CLANG_WARN_INT_CONVERSION = YES;
				CLANG_WARN_NON_LITERAL_NULL_CONVERSION = YES;
				CLANG_WARN_OBJC_IMPLICIT_RETAIN_SELF = YES;
				CLANG_WARN_OBJC_LITERAL_CONVERSION = YES;
				CLANG_WARN_OBJC_ROOT_CLASS = YES_ERROR;
				CLANG_WARN_RANGE_LOOP_ANALYSIS = YES;
				CLANG_WARN_STRICT_PROTOTYPES = YES;
				CLANG_WARN_SUSPICIOUS_MOVE = YES;
				CLANG_WARN_UNGUARDED_AVAILABILITY = YES_AGGRESSIVE;
				CLANG_WARN_UNREACHABLE_CODE = YES;
				CLANG_WARN__DUPLICATE_METHOD_MATCH = YES;
				COPY_PHASE_STRIP = NO;
				DEBUG_INFORMATION_FORMAT = dwarf;
				ENABLE_STRICT_OBJC_MSGSEND = YES;
				ENABLE_TESTABILITY = YES;
				GCC_C_LANGUAGE_STANDARD = gnu11;
				GCC_DYNAMIC_NO_PIC = NO;
				GCC_NO_COMMON_BLOCKS = YES;
				GCC_OPTIMIZATION_LEVEL = 0;
				GCC_PREPROCESSOR_DEFINITIONS = (
					"DEBUG=1",
					"$(inherited)",
				);
				GCC_WARN_64_TO_32_BIT_CONVERSION = YES;
				GCC_WARN_ABOUT_RETURN_TYPE = YES_ERROR;
				GCC_WARN_UNDECLARED_SELECTOR = YES;
				GCC_WARN_UNINITIALIZED_AUTOS = YES_AGGRESSIVE;
				GCC_WARN_UNUSED_FUNCTION = YES;
				GCC_WARN_UNUSED_VARIABLE = YES;
				IPHONEOS_DEPLOYMENT_TARGET = 13.4;
				MTL_ENABLE_DEBUG_INFO = INCLUDE_SOURCE;
				MTL_FAST_MATH = YES;
				ONLY_ACTIVE_ARCH = YES;
				SDKROOT = iphoneos;
				SWIFT_ACTIVE_COMPILATION_CONDITIONS = DEBUG;
				SWIFT_OPTIMIZATION_LEVEL = "-Onone";
			};
			name = Debug;
		};
		0A3A61B4244A56E5002FAFB4 /* Release */ = {
			isa = XCBuildConfiguration;
			buildSettings = {
				ALWAYS_SEARCH_USER_PATHS = NO;
				CLANG_ANALYZER_NONNULL = YES;
				CLANG_ANALYZER_NUMBER_OBJECT_CONVERSION = YES_AGGRESSIVE;
				CLANG_CXX_LANGUAGE_STANDARD = "gnu++14";
				CLANG_CXX_LIBRARY = "libc++";
				CLANG_ENABLE_MODULES = YES;
				CLANG_ENABLE_OBJC_ARC = YES;
				CLANG_ENABLE_OBJC_WEAK = YES;
				CLANG_WARN_BLOCK_CAPTURE_AUTORELEASING = YES;
				CLANG_WARN_BOOL_CONVERSION = YES;
				CLANG_WARN_COMMA = YES;
				CLANG_WARN_CONSTANT_CONVERSION = YES;
				CLANG_WARN_DEPRECATED_OBJC_IMPLEMENTATIONS = YES;
				CLANG_WARN_DIRECT_OBJC_ISA_USAGE = YES_ERROR;
				CLANG_WARN_DOCUMENTATION_COMMENTS = YES;
				CLANG_WARN_EMPTY_BODY = YES;
				CLANG_WARN_ENUM_CONVERSION = YES;
				CLANG_WARN_INFINITE_RECURSION = YES;
				CLANG_WARN_INT_CONVERSION = YES;
				CLANG_WARN_NON_LITERAL_NULL_CONVERSION = YES;
				CLANG_WARN_OBJC_IMPLICIT_RETAIN_SELF = YES;
				CLANG_WARN_OBJC_LITERAL_CONVERSION = YES;
				CLANG_WARN_OBJC_ROOT_CLASS = YES_ERROR;
				CLANG_WARN_RANGE_LOOP_ANALYSIS = YES;
				CLANG_WARN_STRICT_PROTOTYPES = YES;
				CLANG_WARN_SUSPICIOUS_MOVE = YES;
				CLANG_WARN_UNGUARDED_AVAILABILITY = YES_AGGRESSIVE;
				CLANG_WARN_UNREACHABLE_CODE = YES;
				CLANG_WARN__DUPLICATE_METHOD_MATCH = YES;
				COPY_PHASE_STRIP = NO;
				DEBUG_INFORMATION_FORMAT = "dwarf-with-dsym";
				ENABLE_NS_ASSERTIONS = NO;
				ENABLE_STRICT_OBJC_MSGSEND = YES;
				GCC_C_LANGUAGE_STANDARD = gnu11;
				GCC_NO_COMMON_BLOCKS = YES;
				GCC_WARN_64_TO_32_BIT_CONVERSION = YES;
				GCC_WARN_ABOUT_RETURN_TYPE = YES_ERROR;
				GCC_WARN_UNDECLARED_SELECTOR = YES;
				GCC_WARN_UNINITIALIZED_AUTOS = YES_AGGRESSIVE;
				GCC_WARN_UNUSED_FUNCTION = YES;
				GCC_WARN_UNUSED_VARIABLE = YES;
				IPHONEOS_DEPLOYMENT_TARGET = 13.4;
				MTL_ENABLE_DEBUG_INFO = NO;
				MTL_FAST_MATH = YES;
				SDKROOT = iphoneos;
				SWIFT_COMPILATION_MODE = wholemodule;
				SWIFT_OPTIMIZATION_LEVEL = "-O";
				VALIDATE_PRODUCT = YES;
			};
			name = Release;
		};
		0A3A61B6244A56E5002FAFB4 /* Debug */ = {
			isa = XCBuildConfiguration;
			buildSettings = {
				ASSETCATALOG_COMPILER_APPICON_NAME = AppIcon;
				CODE_SIGN_STYLE = Automatic;
				INFOPLIST_FILE = Directions/Info.plist;
				LD_RUNPATH_SEARCH_PATHS = (
					"$(inherited)",
					"@executable_path/Frameworks",
				);
				PRODUCT_BUNDLE_IDENTIFIER = cmp5987.Directions;
				PRODUCT_NAME = "$(TARGET_NAME)";
				SWIFT_VERSION = 5.0;
				TARGETED_DEVICE_FAMILY = "1,2";
			};
			name = Debug;
		};
		0A3A61B7244A56E5002FAFB4 /* Release */ = {
			isa = XCBuildConfiguration;
			buildSettings = {
				ASSETCATALOG_COMPILER_APPICON_NAME = AppIcon;
				CODE_SIGN_STYLE = Automatic;
				INFOPLIST_FILE = Directions/Info.plist;
				LD_RUNPATH_SEARCH_PATHS = (
					"$(inherited)",
					"@executable_path/Frameworks",
				);
				PRODUCT_BUNDLE_IDENTIFIER = cmp5987.Directions;
				PRODUCT_NAME = "$(TARGET_NAME)";
				SWIFT_VERSION = 5.0;
				TARGETED_DEVICE_FAMILY = "1,2";
			};
			name = Release;
		};
/* End XCBuildConfiguration section */

/* Begin XCConfigurationList section */
		0A3A619C244A56E5002FAFB4 /* Build configuration list for PBXProject "Directions" */ = {
			isa = XCConfigurationList;
			buildConfigurations = (
				0A3A61B3244A56E5002FAFB4 /* Debug */,
				0A3A61B4244A56E5002FAFB4 /* Release */,
			);
			defaultConfigurationIsVisible = 0;
			defaultConfigurationName = Release;
		};
		0A3A61B5244A56E5002FAFB4 /* Build configuration list for PBXNativeTarget "Directions" */ = {
			isa = XCConfigurationList;
			buildConfigurations = (
				0A3A61B6244A56E5002FAFB4 /* Debug */,
				0A3A61B7244A56E5002FAFB4 /* Release */,
			);
			defaultConfigurationIsVisible = 0;
			defaultConfigurationName = Release;
		};
/* End XCConfigurationList section */
	};
	rootObject = 0A3A6199244A56E5002FAFB4 /* Project object */;
}
